
Microsoft Visual Studio Solution File, Format Version 12.00
# Visual Studio 15
VisualStudioVersion = 15.0.27130.2036
MinimumVisualStudioVersion = 10.0.40219.1
Project("{FAE04EC0-301F-11D3-BF4B-00C04F79EFBC}") = "eRestoran.Api", "eRestoran.Api\eRestoran.Api.csproj", "{FDA4C710-50D6-459E-A8F1-AC73D26CD1FD}"
EndProject
Project("{FAE04EC0-301F-11D3-BF4B-00C04F79EFBC}") = "eRestoran.Data", "eRestoran.Data\eRestoran.Data.csproj", "{C30F9D89-7205-4312-8409-4341AE7B717B}"
EndProject
Project("{FAE04EC0-301F-11D3-BF4B-00C04F79EFBC}") = "eRestoran.Client", "eRestoran.Client\eRestoran.Client.csproj", "{5A7D5317-42DB-4888-9C1E-3210803494D1}"
EndProject
Project("{FAE04EC0-301F-11D3-BF4B-00C04F79EFBC}") = "eRestoran.Mobile.Android", "eRestoran.Mobile\eRestoran.Mobile.Android\eRestoran.Mobile.Android.csproj", "{1A8AD48B-8670-4588-96EF-DEE0D7D6578C}"
EndProject
Project("{FAE04EC0-301F-11D3-BF4B-00C04F79EFBC}") = "eRestoran.Mobile.iOS", "eRestoran.Mobile\eRestoran.Mobile.iOS\eRestoran.Mobile.iOS.csproj", "{00172D22-5561-41AA-A6EB-0F2B84BE683D}"
EndProject
Project("{FAE04EC0-301F-11D3-BF4B-00C04F79EFBC}") = "eRestoran.Mobile.UWP", "eRestoran.Mobile\eRestoran.Mobile.UWP\eRestoran.Mobile.UWP.csproj", "{95F5964D-FA19-4495-AD5C-28EF2DD9B511}"
EndProject
Project("{D954291E-2A0B-460D-934E-DC6B0785DB48}") = "eRestoran.Mobile", "eRestoran.Mobile\eRestoran.Mobile\eRestoran.Mobile.shproj", "{5BA25634-6861-4EA1-903D-959E934582E7}"
EndProject
Global
	GlobalSection(SharedMSBuildProjectFiles) = preSolution
		eRestoran.Mobile\eRestoran.Mobile\eRestoran.Mobile.projitems*{00172d22-5561-41aa-a6eb-0f2b84be683d}*SharedItemsImports = 4
		eRestoran.Mobile\eRestoran.Mobile\eRestoran.Mobile.projitems*{1a8ad48b-8670-4588-96ef-dee0d7d6578c}*SharedItemsImports = 4
		eRestoran.Mobile\eRestoran.Mobile\eRestoran.Mobile.projitems*{5ba25634-6861-4ea1-903d-959e934582e7}*SharedItemsImports = 13
		eRestoran.Mobile\eRestoran.Mobile\eRestoran.Mobile.projitems*{95f5964d-fa19-4495-ad5c-28ef2dd9b511}*SharedItemsImports = 4
	EndGlobalSection
	GlobalSection(SolutionConfigurationPlatforms) = preSolution
		Ad-Hoc|Any CPU = Ad-Hoc|Any CPU
		Ad-Hoc|ARM = Ad-Hoc|ARM
		Ad-Hoc|iPhone = Ad-Hoc|iPhone
		Ad-Hoc|iPhoneSimulator = Ad-Hoc|iPhoneSimulator
		Ad-Hoc|x64 = Ad-Hoc|x64
		Ad-Hoc|x86 = Ad-Hoc|x86
		AppStore|Any CPU = AppStore|Any CPU
		AppStore|ARM = AppStore|ARM
		AppStore|iPhone = AppStore|iPhone
		AppStore|iPhoneSimulator = AppStore|iPhoneSimulator
		AppStore|x64 = AppStore|x64
		AppStore|x86 = AppStore|x86
		Debug|Any CPU = Debug|Any CPU
		Debug|ARM = Debug|ARM
		Debug|iPhone = Debug|iPhone
		Debug|iPhoneSimulator = Debug|iPhoneSimulator
		Debug|x64 = Debug|x64
		Debug|x86 = Debug|x86
		Release|Any CPU = Release|Any CPU
		Release|ARM = Release|ARM
		Release|iPhone = Release|iPhone
		Release|iPhoneSimulator = Release|iPhoneSimulator
		Release|x64 = Release|x64
		Release|x86 = Release|x86
	EndGlobalSection
	GlobalSection(ProjectConfigurationPlatforms) = postSolution
		{FDA4C710-50D6-459E-A8F1-AC73D26CD1FD}.Ad-Hoc|Any CPU.ActiveCfg = Release|Any CPU
		{FDA4C710-50D6-459E-A8F1-AC73D26CD1FD}.Ad-Hoc|Any CPU.Build.0 = Release|Any CPU
		{FDA4C710-50D6-459E-A8F1-AC73D26CD1FD}.Ad-Hoc|ARM.ActiveCfg = Release|Any CPU
		{FDA4C710-50D6-459E-A8F1-AC73D26CD1FD}.Ad-Hoc|ARM.Build.0 = Release|Any CPU
		{FDA4C710-50D6-459E-A8F1-AC73D26CD1FD}.Ad-Hoc|iPhone.ActiveCfg = Release|Any CPU
		{FDA4C710-50D6-459E-A8F1-AC73D26CD1FD}.Ad-Hoc|iPhone.Build.0 = Release|Any CPU
		{FDA4C710-50D6-459E-A8F1-AC73D26CD1FD}.Ad-Hoc|iPhoneSimulator.ActiveCfg = Release|Any CPU
		{FDA4C710-50D6-459E-A8F1-AC73D26CD1FD}.Ad-Hoc|iPhoneSimulator.Build.0 = Release|Any CPU
		{FDA4C710-50D6-459E-A8F1-AC73D26CD1FD}.Ad-Hoc|x64.ActiveCfg = Release|Any CPU
		{FDA4C710-50D6-459E-A8F1-AC73D26CD1FD}.Ad-Hoc|x64.Build.0 = Release|Any CPU
		{FDA4C710-50D6-459E-A8F1-AC73D26CD1FD}.Ad-Hoc|x86.ActiveCfg = Release|Any CPU
		{FDA4C710-50D6-459E-A8F1-AC73D26CD1FD}.Ad-Hoc|x86.Build.0 = Release|Any CPU
		{FDA4C710-50D6-459E-A8F1-AC73D26CD1FD}.AppStore|Any CPU.ActiveCfg = Release|Any CPU
		{FDA4C710-50D6-459E-A8F1-AC73D26CD1FD}.AppStore|Any CPU.Build.0 = Release|Any CPU
		{FDA4C710-50D6-459E-A8F1-AC73D26CD1FD}.AppStore|ARM.ActiveCfg = Release|Any CPU
		{FDA4C710-50D6-459E-A8F1-AC73D26CD1FD}.AppStore|ARM.Build.0 = Release|Any CPU
		{FDA4C710-50D6-459E-A8F1-AC73D26CD1FD}.AppStore|iPhone.ActiveCfg = Release|Any CPU
		{FDA4C710-50D6-459E-A8F1-AC73D26CD1FD}.AppStore|iPhone.Build.0 = Release|Any CPU
		{FDA4C710-50D6-459E-A8F1-AC73D26CD1FD}.AppStore|iPhoneSimulator.ActiveCfg = Release|Any CPU
		{FDA4C710-50D6-459E-A8F1-AC73D26CD1FD}.AppStore|iPhoneSimulator.Build.0 = Release|Any CPU
		{FDA4C710-50D6-459E-A8F1-AC73D26CD1FD}.AppStore|x64.ActiveCfg = Release|Any CPU
		{FDA4C710-50D6-459E-A8F1-AC73D26CD1FD}.AppStore|x64.Build.0 = Release|Any CPU
		{FDA4C710-50D6-459E-A8F1-AC73D26CD1FD}.AppStore|x86.ActiveCfg = Release|Any CPU
		{FDA4C710-50D6-459E-A8F1-AC73D26CD1FD}.AppStore|x86.Build.0 = Release|Any CPU
		{FDA4C710-50D6-459E-A8F1-AC73D26CD1FD}.Debug|Any CPU.ActiveCfg = Debug|Any CPU
		{FDA4C710-50D6-459E-A8F1-AC73D26CD1FD}.Debug|Any CPU.Build.0 = Debug|Any CPU
		{FDA4C710-50D6-459E-A8F1-AC73D26CD1FD}.Debug|ARM.ActiveCfg = Debug|Any CPU
		{FDA4C710-50D6-459E-A8F1-AC73D26CD1FD}.Debug|ARM.Build.0 = Debug|Any CPU
		{FDA4C710-50D6-459E-A8F1-AC73D26CD1FD}.Debug|iPhone.ActiveCfg = Debug|Any CPU
		{FDA4C710-50D6-459E-A8F1-AC73D26CD1FD}.Debug|iPhone.Build.0 = Debug|Any CPU
		{FDA4C710-50D6-459E-A8F1-AC73D26CD1FD}.Debug|iPhoneSimulator.ActiveCfg = Debug|Any CPU
		{FDA4C710-50D6-459E-A8F1-AC73D26CD1FD}.Debug|iPhoneSimulator.Build.0 = Debug|Any CPU
		{FDA4C710-50D6-459E-A8F1-AC73D26CD1FD}.Debug|x64.ActiveCfg = Debug|Any CPU
		{FDA4C710-50D6-459E-A8F1-AC73D26CD1FD}.Debug|x64.Build.0 = Debug|Any CPU
		{FDA4C710-50D6-459E-A8F1-AC73D26CD1FD}.Debug|x86.ActiveCfg = Debug|Any CPU
		{FDA4C710-50D6-459E-A8F1-AC73D26CD1FD}.Debug|x86.Build.0 = Debug|Any CPU
		{FDA4C710-50D6-459E-A8F1-AC73D26CD1FD}.Release|Any CPU.ActiveCfg = Release|Any CPU
		{FDA4C710-50D6-459E-A8F1-AC73D26CD1FD}.Release|Any CPU.Build.0 = Release|Any CPU
		{FDA4C710-50D6-459E-A8F1-AC73D26CD1FD}.Release|ARM.ActiveCfg = Release|Any CPU
		{FDA4C710-50D6-459E-A8F1-AC73D26CD1FD}.Release|ARM.Build.0 = Release|Any CPU
		{FDA4C710-50D6-459E-A8F1-AC73D26CD1FD}.Release|iPhone.ActiveCfg = Release|Any CPU
		{FDA4C710-50D6-459E-A8F1-AC73D26CD1FD}.Release|iPhone.Build.0 = Release|Any CPU
		{FDA4C710-50D6-459E-A8F1-AC73D26CD1FD}.Release|iPhoneSimulator.ActiveCfg = Release|Any CPU
		{FDA4C710-50D6-459E-A8F1-AC73D26CD1FD}.Release|iPhoneSimulator.Build.0 = Release|Any CPU
		{FDA4C710-50D6-459E-A8F1-AC73D26CD1FD}.Release|x64.ActiveCfg = Release|Any CPU
		{FDA4C710-50D6-459E-A8F1-AC73D26CD1FD}.Release|x64.Build.0 = Release|Any CPU
		{FDA4C710-50D6-459E-A8F1-AC73D26CD1FD}.Release|x86.ActiveCfg = Release|Any CPU
		{FDA4C710-50D6-459E-A8F1-AC73D26CD1FD}.Release|x86.Build.0 = Release|Any CPU
		{C30F9D89-7205-4312-8409-4341AE7B717B}.Ad-Hoc|Any CPU.ActiveCfg = Release|Any CPU
		{C30F9D89-7205-4312-8409-4341AE7B717B}.Ad-Hoc|Any CPU.Build.0 = Release|Any CPU
		{C30F9D89-7205-4312-8409-4341AE7B717B}.Ad-Hoc|ARM.ActiveCfg = Release|Any CPU
		{C30F9D89-7205-4312-8409-4341AE7B717B}.Ad-Hoc|ARM.Build.0 = Release|Any CPU
		{C30F9D89-7205-4312-8409-4341AE7B717B}.Ad-Hoc|iPhone.ActiveCfg = Release|Any CPU
		{C30F9D89-7205-4312-8409-4341AE7B717B}.Ad-Hoc|iPhone.Build.0 = Release|Any CPU
		{C30F9D89-7205-4312-8409-4341AE7B717B}.Ad-Hoc|iPhoneSimulator.ActiveCfg = Release|Any CPU
		{C30F9D89-7205-4312-8409-4341AE7B717B}.Ad-Hoc|iPhoneSimulator.Build.0 = Release|Any CPU
		{C30F9D89-7205-4312-8409-4341AE7B717B}.Ad-Hoc|x64.ActiveCfg = Release|Any CPU
		{C30F9D89-7205-4312-8409-4341AE7B717B}.Ad-Hoc|x64.Build.0 = Release|Any CPU
		{C30F9D89-7205-4312-8409-4341AE7B717B}.Ad-Hoc|x86.ActiveCfg = Release|Any CPU
		{C30F9D89-7205-4312-8409-4341AE7B717B}.Ad-Hoc|x86.Build.0 = Release|Any CPU
		{C30F9D89-7205-4312-8409-4341AE7B717B}.AppStore|Any CPU.ActiveCfg = Release|Any CPU
		{C30F9D89-7205-4312-8409-4341AE7B717B}.AppStore|Any CPU.Build.0 = Release|Any CPU
		{C30F9D89-7205-4312-8409-4341AE7B717B}.AppStore|ARM.ActiveCfg = Release|Any CPU
		{C30F9D89-7205-4312-8409-4341AE7B717B}.AppStore|ARM.Build.0 = Release|Any CPU
		{C30F9D89-7205-4312-8409-4341AE7B717B}.AppStore|iPhone.ActiveCfg = Release|Any CPU
		{C30F9D89-7205-4312-8409-4341AE7B717B}.AppStore|iPhone.Build.0 = Release|Any CPU
		{C30F9D89-7205-4312-8409-4341AE7B717B}.AppStore|iPhoneSimulator.ActiveCfg = Release|Any CPU
		{C30F9D89-7205-4312-8409-4341AE7B717B}.AppStore|iPhoneSimulator.Build.0 = Release|Any CPU
		{C30F9D89-7205-4312-8409-4341AE7B717B}.AppStore|x64.ActiveCfg = Release|Any CPU
		{C30F9D89-7205-4312-8409-4341AE7B717B}.AppStore|x64.Build.0 = Release|Any CPU
		{C30F9D89-7205-4312-8409-4341AE7B717B}.AppStore|x86.ActiveCfg = Release|Any CPU
		{C30F9D89-7205-4312-8409-4341AE7B717B}.AppStore|x86.Build.0 = Release|Any CPU
		{C30F9D89-7205-4312-8409-4341AE7B717B}.Debug|Any CPU.ActiveCfg = Debug|Any CPU
		{C30F9D89-7205-4312-8409-4341AE7B717B}.Debug|Any CPU.Build.0 = Debug|Any CPU
		{C30F9D89-7205-4312-8409-4341AE7B717B}.Debug|ARM.ActiveCfg = Debug|Any CPU
		{C30F9D89-7205-4312-8409-4341AE7B717B}.Debug|ARM.Build.0 = Debug|Any CPU
		{C30F9D89-7205-4312-8409-4341AE7B717B}.Debug|iPhone.ActiveCfg = Debug|Any CPU
		{C30F9D89-7205-4312-8409-4341AE7B717B}.Debug|iPhone.Build.0 = Debug|Any CPU
		{C30F9D89-7205-4312-8409-4341AE7B717B}.Debug|iPhoneSimulator.ActiveCfg = Debug|Any CPU
		{C30F9D89-7205-4312-8409-4341AE7B717B}.Debug|iPhoneSimulator.Build.0 = Debug|Any CPU
		{C30F9D89-7205-4312-8409-4341AE7B717B}.Debug|x64.ActiveCfg = Debug|Any CPU
		{C30F9D89-7205-4312-8409-4341AE7B717B}.Debug|x64.Build.0 = Debug|Any CPU
		{C30F9D89-7205-4312-8409-4341AE7B717B}.Debug|x86.ActiveCfg = Debug|Any CPU
		{C30F9D89-7205-4312-8409-4341AE7B717B}.Debug|x86.Build.0 = Debug|Any CPU
		{C30F9D89-7205-4312-8409-4341AE7B717B}.Release|Any CPU.ActiveCfg = Release|Any CPU
		{C30F9D89-7205-4312-8409-4341AE7B717B}.Release|Any CPU.Build.0 = Release|Any CPU
		{C30F9D89-7205-4312-8409-4341AE7B717B}.Release|ARM.ActiveCfg = Release|Any CPU
		{C30F9D89-7205-4312-8409-4341AE7B717B}.Release|ARM.Build.0 = Release|Any CPU
		{C30F9D89-7205-4312-8409-4341AE7B717B}.Release|iPhone.ActiveCfg = Release|Any CPU
		{C30F9D89-7205-4312-8409-4341AE7B717B}.Release|iPhone.Build.0 = Release|Any CPU
		{C30F9D89-7205-4312-8409-4341AE7B717B}.Release|iPhoneSimulator.ActiveCfg = Release|Any CPU
		{C30F9D89-7205-4312-8409-4341AE7B717B}.Release|iPhoneSimulator.Build.0 = Release|Any CPU
		{C30F9D89-7205-4312-8409-4341AE7B717B}.Release|x64.ActiveCfg = Release|Any CPU
		{C30F9D89-7205-4312-8409-4341AE7B717B}.Release|x64.Build.0 = Release|Any CPU
		{C30F9D89-7205-4312-8409-4341AE7B717B}.Release|x86.ActiveCfg = Release|Any CPU
		{C30F9D89-7205-4312-8409-4341AE7B717B}.Release|x86.Build.0 = Release|Any CPU
		{5A7D5317-42DB-4888-9C1E-3210803494D1}.Ad-Hoc|Any CPU.ActiveCfg = Release|Any CPU
		{5A7D5317-42DB-4888-9C1E-3210803494D1}.Ad-Hoc|Any CPU.Build.0 = Release|Any CPU
		{5A7D5317-42DB-4888-9C1E-3210803494D1}.Ad-Hoc|ARM.ActiveCfg = Release|Any CPU
		{5A7D5317-42DB-4888-9C1E-3210803494D1}.Ad-Hoc|ARM.Build.0 = Release|Any CPU
		{5A7D5317-42DB-4888-9C1E-3210803494D1}.Ad-Hoc|iPhone.ActiveCfg = Release|Any CPU
		{5A7D5317-42DB-4888-9C1E-3210803494D1}.Ad-Hoc|iPhone.Build.0 = Release|Any CPU
		{5A7D5317-42DB-4888-9C1E-3210803494D1}.Ad-Hoc|iPhoneSimulator.ActiveCfg = Release|Any CPU
		{5A7D5317-42DB-4888-9C1E-3210803494D1}.Ad-Hoc|iPhoneSimulator.Build.0 = Release|Any CPU
		{5A7D5317-42DB-4888-9C1E-3210803494D1}.Ad-Hoc|x64.ActiveCfg = Release|Any CPU
		{5A7D5317-42DB-4888-9C1E-3210803494D1}.Ad-Hoc|x64.Build.0 = Release|Any CPU
		{5A7D5317-42DB-4888-9C1E-3210803494D1}.Ad-Hoc|x86.ActiveCfg = Release|Any CPU
		{5A7D5317-42DB-4888-9C1E-3210803494D1}.Ad-Hoc|x86.Build.0 = Release|Any CPU
		{5A7D5317-42DB-4888-9C1E-3210803494D1}.AppStore|Any CPU.ActiveCfg = Release|Any CPU
		{5A7D5317-42DB-4888-9C1E-3210803494D1}.AppStore|Any CPU.Build.0 = Release|Any CPU
		{5A7D5317-42DB-4888-9C1E-3210803494D1}.AppStore|ARM.ActiveCfg = Release|Any CPU
		{5A7D5317-42DB-4888-9C1E-3210803494D1}.AppStore|ARM.Build.0 = Release|Any CPU
		{5A7D5317-42DB-4888-9C1E-3210803494D1}.AppStore|iPhone.ActiveCfg = Release|Any CPU
		{5A7D5317-42DB-4888-9C1E-3210803494D1}.AppStore|iPhone.Build.0 = Release|Any CPU
		{5A7D5317-42DB-4888-9C1E-3210803494D1}.AppStore|iPhoneSimulator.ActiveCfg = Release|Any CPU
		{5A7D5317-42DB-4888-9C1E-3210803494D1}.AppStore|iPhoneSimulator.Build.0 = Release|Any CPU
		{5A7D5317-42DB-4888-9C1E-3210803494D1}.AppStore|x64.ActiveCfg = Release|Any CPU
		{5A7D5317-42DB-4888-9C1E-3210803494D1}.AppStore|x64.Build.0 = Release|Any CPU
		{5A7D5317-42DB-4888-9C1E-3210803494D1}.AppStore|x86.ActiveCfg = Release|Any CPU
		{5A7D5317-42DB-4888-9C1E-3210803494D1}.AppStore|x86.Build.0 = Release|Any CPU
		{5A7D5317-42DB-4888-9C1E-3210803494D1}.Debug|Any CPU.ActiveCfg = Debug|Any CPU
		{5A7D5317-42DB-4888-9C1E-3210803494D1}.Debug|Any CPU.Build.0 = Debug|Any CPU
		{5A7D5317-42DB-4888-9C1E-3210803494D1}.Debug|ARM.ActiveCfg = Debug|Any CPU
		{5A7D5317-42DB-4888-9C1E-3210803494D1}.Debug|ARM.Build.0 = Debug|Any CPU
		{5A7D5317-42DB-4888-9C1E-3210803494D1}.Debug|iPhone.ActiveCfg = Debug|Any CPU
		{5A7D5317-42DB-4888-9C1E-3210803494D1}.Debug|iPhone.Build.0 = Debug|Any CPU
		{5A7D5317-42DB-4888-9C1E-3210803494D1}.Debug|iPhoneSimulator.ActiveCfg = Debug|Any CPU
		{5A7D5317-42DB-4888-9C1E-3210803494D1}.Debug|iPhoneSimulator.Build.0 = Debug|Any CPU
		{5A7D5317-42DB-4888-9C1E-3210803494D1}.Debug|x64.ActiveCfg = Debug|Any CPU
		{5A7D5317-42DB-4888-9C1E-3210803494D1}.Debug|x64.Build.0 = Debug|Any CPU
		{5A7D5317-42DB-4888-9C1E-3210803494D1}.Debug|x86.ActiveCfg = Debug|Any CPU
		{5A7D5317-42DB-4888-9C1E-3210803494D1}.Debug|x86.Build.0 = Debug|Any CPU
		{5A7D5317-42DB-4888-9C1E-3210803494D1}.Release|Any CPU.ActiveCfg = Release|Any CPU
		{5A7D5317-42DB-4888-9C1E-3210803494D1}.Release|Any CPU.Build.0 = Release|Any CPU
		{5A7D5317-42DB-4888-9C1E-3210803494D1}.Release|ARM.ActiveCfg = Release|Any CPU
		{5A7D5317-42DB-4888-9C1E-3210803494D1}.Release|ARM.Build.0 = Release|Any CPU
		{5A7D5317-42DB-4888-9C1E-3210803494D1}.Release|iPhone.ActiveCfg = Release|Any CPU
		{5A7D5317-42DB-4888-9C1E-3210803494D1}.Release|iPhone.Build.0 = Release|Any CPU
		{5A7D5317-42DB-4888-9C1E-3210803494D1}.Release|iPhoneSimulator.ActiveCfg = Release|Any CPU
		{5A7D5317-42DB-4888-9C1E-3210803494D1}.Release|iPhoneSimulator.Build.0 = Release|Any CPU
		{5A7D5317-42DB-4888-9C1E-3210803494D1}.Release|x64.ActiveCfg = Release|Any CPU
		{5A7D5317-42DB-4888-9C1E-3210803494D1}.Release|x64.Build.0 = Release|Any CPU
		{5A7D5317-42DB-4888-9C1E-3210803494D1}.Release|x86.ActiveCfg = Release|Any CPU
		{5A7D5317-42DB-4888-9C1E-3210803494D1}.Release|x86.Build.0 = Release|Any CPU
		{1A8AD48B-8670-4588-96EF-DEE0D7D6578C}.Ad-Hoc|Any CPU.ActiveCfg = Release|Any CPU
		{1A8AD48B-8670-4588-96EF-DEE0D7D6578C}.Ad-Hoc|Any CPU.Build.0 = Release|Any CPU
		{1A8AD48B-8670-4588-96EF-DEE0D7D6578C}.Ad-Hoc|Any CPU.Deploy.0 = Release|Any CPU
		{1A8AD48B-8670-4588-96EF-DEE0D7D6578C}.Ad-Hoc|ARM.ActiveCfg = Release|Any CPU
		{1A8AD48B-8670-4588-96EF-DEE0D7D6578C}.Ad-Hoc|ARM.Build.0 = Release|Any CPU
		{1A8AD48B-8670-4588-96EF-DEE0D7D6578C}.Ad-Hoc|ARM.Deploy.0 = Release|Any CPU
		{1A8AD48B-8670-4588-96EF-DEE0D7D6578C}.Ad-Hoc|iPhone.ActiveCfg = Release|Any CPU
		{1A8AD48B-8670-4588-96EF-DEE0D7D6578C}.Ad-Hoc|iPhone.Build.0 = Release|Any CPU
		{1A8AD48B-8670-4588-96EF-DEE0D7D6578C}.Ad-Hoc|iPhone.Deploy.0 = Release|Any CPU
		{1A8AD48B-8670-4588-96EF-DEE0D7D6578C}.Ad-Hoc|iPhoneSimulator.ActiveCfg = Release|Any CPU
		{1A8AD48B-8670-4588-96EF-DEE0D7D6578C}.Ad-Hoc|iPhoneSimulator.Build.0 = Release|Any CPU
		{1A8AD48B-8670-4588-96EF-DEE0D7D6578C}.Ad-Hoc|iPhoneSimulator.Deploy.0 = Release|Any CPU
		{1A8AD48B-8670-4588-96EF-DEE0D7D6578C}.Ad-Hoc|x64.ActiveCfg = Release|Any CPU
		{1A8AD48B-8670-4588-96EF-DEE0D7D6578C}.Ad-Hoc|x64.Build.0 = Release|Any CPU
		{1A8AD48B-8670-4588-96EF-DEE0D7D6578C}.Ad-Hoc|x64.Deploy.0 = Release|Any CPU
		{1A8AD48B-8670-4588-96EF-DEE0D7D6578C}.Ad-Hoc|x86.ActiveCfg = Release|Any CPU
		{1A8AD48B-8670-4588-96EF-DEE0D7D6578C}.Ad-Hoc|x86.Build.0 = Release|Any CPU
		{1A8AD48B-8670-4588-96EF-DEE0D7D6578C}.Ad-Hoc|x86.Deploy.0 = Release|Any CPU
		{1A8AD48B-8670-4588-96EF-DEE0D7D6578C}.AppStore|Any CPU.ActiveCfg = Release|Any CPU
		{1A8AD48B-8670-4588-96EF-DEE0D7D6578C}.AppStore|Any CPU.Build.0 = Release|Any CPU
		{1A8AD48B-8670-4588-96EF-DEE0D7D6578C}.AppStore|Any CPU.Deploy.0 = Release|Any CPU
		{1A8AD48B-8670-4588-96EF-DEE0D7D6578C}.AppStore|ARM.ActiveCfg = Release|Any CPU
		{1A8AD48B-8670-4588-96EF-DEE0D7D6578C}.AppStore|ARM.Build.0 = Release|Any CPU
		{1A8AD48B-8670-4588-96EF-DEE0D7D6578C}.AppStore|ARM.Deploy.0 = Release|Any CPU
		{1A8AD48B-8670-4588-96EF-DEE0D7D6578C}.AppStore|iPhone.ActiveCfg = Release|Any CPU
		{1A8AD48B-8670-4588-96EF-DEE0D7D6578C}.AppStore|iPhone.Build.0 = Release|Any CPU
		{1A8AD48B-8670-4588-96EF-DEE0D7D6578C}.AppStore|iPhone.Deploy.0 = Release|Any CPU
		{1A8AD48B-8670-4588-96EF-DEE0D7D6578C}.AppStore|iPhoneSimulator.ActiveCfg = Release|Any CPU
		{1A8AD48B-8670-4588-96EF-DEE0D7D6578C}.AppStore|iPhoneSimulator.Build.0 = Release|Any CPU
		{1A8AD48B-8670-4588-96EF-DEE0D7D6578C}.AppStore|iPhoneSimulator.Deploy.0 = Release|Any CPU
		{1A8AD48B-8670-4588-96EF-DEE0D7D6578C}.AppStore|x64.ActiveCfg = Release|Any CPU
		{1A8AD48B-8670-4588-96EF-DEE0D7D6578C}.AppStore|x64.Build.0 = Release|Any CPU
		{1A8AD48B-8670-4588-96EF-DEE0D7D6578C}.AppStore|x64.Deploy.0 = Release|Any CPU
		{1A8AD48B-8670-4588-96EF-DEE0D7D6578C}.AppStore|x86.ActiveCfg = Release|Any CPU
		{1A8AD48B-8670-4588-96EF-DEE0D7D6578C}.AppStore|x86.Build.0 = Release|Any CPU
		{1A8AD48B-8670-4588-96EF-DEE0D7D6578C}.AppStore|x86.Deploy.0 = Release|Any CPU
		{1A8AD48B-8670-4588-96EF-DEE0D7D6578C}.Debug|Any CPU.ActiveCfg = Debug|Any CPU
		{1A8AD48B-8670-4588-96EF-DEE0D7D6578C}.Debug|Any CPU.Build.0 = Debug|Any CPU
		{1A8AD48B-8670-4588-96EF-DEE0D7D6578C}.Debug|Any CPU.Deploy.0 = Debug|Any CPU
		{1A8AD48B-8670-4588-96EF-DEE0D7D6578C}.Debug|ARM.ActiveCfg = Debug|Any CPU
		{1A8AD48B-8670-4588-96EF-DEE0D7D6578C}.Debug|ARM.Build.0 = Debug|Any CPU
		{1A8AD48B-8670-4588-96EF-DEE0D7D6578C}.Debug|ARM.Deploy.0 = Debug|Any CPU
		{1A8AD48B-8670-4588-96EF-DEE0D7D6578C}.Debug|iPhone.ActiveCfg = Debug|Any CPU
		{1A8AD48B-8670-4588-96EF-DEE0D7D6578C}.Debug|iPhone.Build.0 = Debug|Any CPU
		{1A8AD48B-8670-4588-96EF-DEE0D7D6578C}.Debug|iPhone.Deploy.0 = Debug|Any CPU
		{1A8AD48B-8670-4588-96EF-DEE0D7D6578C}.Debug|iPhoneSimulator.ActiveCfg = Debug|Any CPU
		{1A8AD48B-8670-4588-96EF-DEE0D7D6578C}.Debug|iPhoneSimulator.Build.0 = Debug|Any CPU
		{1A8AD48B-8670-4588-96EF-DEE0D7D6578C}.Debug|iPhoneSimulator.Deploy.0 = Debug|Any CPU
		{1A8AD48B-8670-4588-96EF-DEE0D7D6578C}.Debug|x64.ActiveCfg = Debug|Any CPU
		{1A8AD48B-8670-4588-96EF-DEE0D7D6578C}.Debug|x64.Build.0 = Debug|Any CPU
		{1A8AD48B-8670-4588-96EF-DEE0D7D6578C}.Debug|x64.Deploy.0 = Debug|Any CPU
		{1A8AD48B-8670-4588-96EF-DEE0D7D6578C}.Debug|x86.ActiveCfg = Debug|Any CPU
		{1A8AD48B-8670-4588-96EF-DEE0D7D6578C}.Debug|x86.Build.0 = Debug|Any CPU
		{1A8AD48B-8670-4588-96EF-DEE0D7D6578C}.Debug|x86.Deploy.0 = Debug|Any CPU
		{1A8AD48B-8670-4588-96EF-DEE0D7D6578C}.Release|Any CPU.ActiveCfg = Release|Any CPU
		{1A8AD48B-8670-4588-96EF-DEE0D7D6578C}.Release|Any CPU.Build.0 = Release|Any CPU
		{1A8AD48B-8670-4588-96EF-DEE0D7D6578C}.Release|Any CPU.Deploy.0 = Release|Any CPU
		{1A8AD48B-8670-4588-96EF-DEE0D7D6578C}.Release|ARM.ActiveCfg = Release|Any CPU
		{1A8AD48B-8670-4588-96EF-DEE0D7D6578C}.Release|ARM.Build.0 = Release|Any CPU
		{1A8AD48B-8670-4588-96EF-DEE0D7D6578C}.Release|ARM.Deploy.0 = Release|Any CPU
		{1A8AD48B-8670-4588-96EF-DEE0D7D6578C}.Release|iPhone.ActiveCfg = Release|Any CPU
		{1A8AD48B-8670-4588-96EF-DEE0D7D6578C}.Release|iPhone.Build.0 = Release|Any CPU
		{1A8AD48B-8670-4588-96EF-DEE0D7D6578C}.Release|iPhone.Deploy.0 = Release|Any CPU
		{1A8AD48B-8670-4588-96EF-DEE0D7D6578C}.Release|iPhoneSimulator.ActiveCfg = Release|Any CPU
		{1A8AD48B-8670-4588-96EF-DEE0D7D6578C}.Release|iPhoneSimulator.Build.0 = Release|Any CPU
		{1A8AD48B-8670-4588-96EF-DEE0D7D6578C}.Release|iPhoneSimulator.Deploy.0 = Release|Any CPU
		{1A8AD48B-8670-4588-96EF-DEE0D7D6578C}.Release|x64.ActiveCfg = Release|Any CPU
		{1A8AD48B-8670-4588-96EF-DEE0D7D6578C}.Release|x64.Build.0 = Release|Any CPU
		{1A8AD48B-8670-4588-96EF-DEE0D7D6578C}.Release|x64.Deploy.0 = Release|Any CPU
		{1A8AD48B-8670-4588-96EF-DEE0D7D6578C}.Release|x86.ActiveCfg = Release|Any CPU
		{1A8AD48B-8670-4588-96EF-DEE0D7D6578C}.Release|x86.Build.0 = Release|Any CPU
		{1A8AD48B-8670-4588-96EF-DEE0D7D6578C}.Release|x86.Deploy.0 = Release|Any CPU
		{00172D22-5561-41AA-A6EB-0F2B84BE683D}.Ad-Hoc|Any CPU.ActiveCfg = Ad-Hoc|iPhone
		{00172D22-5561-41AA-A6EB-0F2B84BE683D}.Ad-Hoc|ARM.ActiveCfg = Ad-Hoc|iPhone
		{00172D22-5561-41AA-A6EB-0F2B84BE683D}.Ad-Hoc|iPhone.ActiveCfg = Ad-Hoc|iPhone
		{00172D22-5561-41AA-A6EB-0F2B84BE683D}.Ad-Hoc|iPhone.Build.0 = Ad-Hoc|iPhone
		{00172D22-5561-41AA-A6EB-0F2B84BE683D}.Ad-Hoc|iPhoneSimulator.ActiveCfg = Ad-Hoc|iPhoneSimulator
		{00172D22-5561-41AA-A6EB-0F2B84BE683D}.Ad-Hoc|iPhoneSimulator.Build.0 = Ad-Hoc|iPhoneSimulator
		{00172D22-5561-41AA-A6EB-0F2B84BE683D}.Ad-Hoc|x64.ActiveCfg = Ad-Hoc|iPhone
		{00172D22-5561-41AA-A6EB-0F2B84BE683D}.Ad-Hoc|x86.ActiveCfg = Ad-Hoc|iPhone
		{00172D22-5561-41AA-A6EB-0F2B84BE683D}.AppStore|Any CPU.ActiveCfg = AppStore|iPhone
		{00172D22-5561-41AA-A6EB-0F2B84BE683D}.AppStore|ARM.ActiveCfg = AppStore|iPhone
		{00172D22-5561-41AA-A6EB-0F2B84BE683D}.AppStore|iPhone.ActiveCfg = AppStore|iPhone
		{00172D22-5561-41AA-A6EB-0F2B84BE683D}.AppStore|iPhone.Build.0 = AppStore|iPhone
		{00172D22-5561-41AA-A6EB-0F2B84BE683D}.AppStore|iPhoneSimulator.ActiveCfg = AppStore|iPhoneSimulator
		{00172D22-5561-41AA-A6EB-0F2B84BE683D}.AppStore|iPhoneSimulator.Build.0 = AppStore|iPhoneSimulator
		{00172D22-5561-41AA-A6EB-0F2B84BE683D}.AppStore|x64.ActiveCfg = AppStore|iPhone
		{00172D22-5561-41AA-A6EB-0F2B84BE683D}.AppStore|x86.ActiveCfg = AppStore|iPhone
		{00172D22-5561-41AA-A6EB-0F2B84BE683D}.Debug|Any CPU.ActiveCfg = Debug|iPhone
		{00172D22-5561-41AA-A6EB-0F2B84BE683D}.Debug|ARM.ActiveCfg = Debug|iPhone
		{00172D22-5561-41AA-A6EB-0F2B84BE683D}.Debug|iPhone.ActiveCfg = Debug|iPhone
		{00172D22-5561-41AA-A6EB-0F2B84BE683D}.Debug|iPhone.Build.0 = Debug|iPhone
		{00172D22-5561-41AA-A6EB-0F2B84BE683D}.Debug|iPhoneSimulator.ActiveCfg = Debug|iPhoneSimulator
		{00172D22-5561-41AA-A6EB-0F2B84BE683D}.Debug|iPhoneSimulator.Build.0 = Debug|iPhoneSimulator
		{00172D22-5561-41AA-A6EB-0F2B84BE683D}.Debug|x64.ActiveCfg = Debug|iPhone
		{00172D22-5561-41AA-A6EB-0F2B84BE683D}.Debug|x86.ActiveCfg = Debug|iPhone
		{00172D22-5561-41AA-A6EB-0F2B84BE683D}.Release|Any CPU.ActiveCfg = Release|iPhone
		{00172D22-5561-41AA-A6EB-0F2B84BE683D}.Release|ARM.ActiveCfg = Release|iPhone
		{00172D22-5561-41AA-A6EB-0F2B84BE683D}.Release|iPhone.ActiveCfg = Release|iPhone
		{00172D22-5561-41AA-A6EB-0F2B84BE683D}.Release|iPhone.Build.0 = Release|iPhone
		{00172D22-5561-41AA-A6EB-0F2B84BE683D}.Release|iPhoneSimulator.ActiveCfg = Release|iPhoneSimulator
		{00172D22-5561-41AA-A6EB-0F2B84BE683D}.Release|iPhoneSimulator.Build.0 = Release|iPhoneSimulator
		{00172D22-5561-41AA-A6EB-0F2B84BE683D}.Release|x64.ActiveCfg = Release|iPhone
		{00172D22-5561-41AA-A6EB-0F2B84BE683D}.Release|x86.ActiveCfg = Release|iPhone
		{95F5964D-FA19-4495-AD5C-28EF2DD9B511}.Ad-Hoc|Any CPU.ActiveCfg = Release|x86
		{95F5964D-FA19-4495-AD5C-28EF2DD9B511}.Ad-Hoc|Any CPU.Build.0 = Release|x86
		{95F5964D-FA19-4495-AD5C-28EF2DD9B511}.Ad-Hoc|Any CPU.Deploy.0 = Release|x86
		{95F5964D-FA19-4495-AD5C-28EF2DD9B511}.Ad-Hoc|ARM.ActiveCfg = Release|ARM
		{95F5964D-FA19-4495-AD5C-28EF2DD9B511}.Ad-Hoc|ARM.Build.0 = Release|ARM
		{95F5964D-FA19-4495-AD5C-28EF2DD9B511}.Ad-Hoc|ARM.Deploy.0 = Release|ARM
		{95F5964D-FA19-4495-AD5C-28EF2DD9B511}.Ad-Hoc|iPhone.ActiveCfg = Release|x86
		{95F5964D-FA19-4495-AD5C-28EF2DD9B511}.Ad-Hoc|iPhone.Build.0 = Release|x86
		{95F5964D-FA19-4495-AD5C-28EF2DD9B511}.Ad-Hoc|iPhone.Deploy.0 = Release|x86
		{95F5964D-FA19-4495-AD5C-28EF2DD9B511}.Ad-Hoc|iPhoneSimulator.ActiveCfg = Release|x86
		{95F5964D-FA19-4495-AD5C-28EF2DD9B511}.Ad-Hoc|iPhoneSimulator.Build.0 = Release|x86
		{95F5964D-FA19-4495-AD5C-28EF2DD9B511}.Ad-Hoc|iPhoneSimulator.Deploy.0 = Release|x86
		{95F5964D-FA19-4495-AD5C-28EF2DD9B511}.Ad-Hoc|x64.ActiveCfg = Release|x64
		{95F5964D-FA19-4495-AD5C-28EF2DD9B511}.Ad-Hoc|x64.Build.0 = Release|x64
		{95F5964D-FA19-4495-AD5C-28EF2DD9B511}.Ad-Hoc|x64.Deploy.0 = Release|x64
		{95F5964D-FA19-4495-AD5C-28EF2DD9B511}.Ad-Hoc|x86.ActiveCfg = Release|x86
		{95F5964D-FA19-4495-AD5C-28EF2DD9B511}.Ad-Hoc|x86.Build.0 = Release|x86
		{95F5964D-FA19-4495-AD5C-28EF2DD9B511}.Ad-Hoc|x86.Deploy.0 = Release|x86
		{95F5964D-FA19-4495-AD5C-28EF2DD9B511}.AppStore|Any CPU.ActiveCfg = Release|x86
		{95F5964D-FA19-4495-AD5C-28EF2DD9B511}.AppStore|Any CPU.Build.0 = Release|x86
		{95F5964D-FA19-4495-AD5C-28EF2DD9B511}.AppStore|Any CPU.Deploy.0 = Release|x86
		{95F5964D-FA19-4495-AD5C-28EF2DD9B511}.AppStore|ARM.ActiveCfg = Release|ARM
		{95F5964D-FA19-4495-AD5C-28EF2DD9B511}.AppStore|ARM.Build.0 = Release|ARM
		{95F5964D-FA19-4495-AD5C-28EF2DD9B511}.AppStore|ARM.Deploy.0 = Release|ARM
		{95F5964D-FA19-4495-AD5C-28EF2DD9B511}.AppStore|iPhone.ActiveCfg = Release|x86
		{95F5964D-FA19-4495-AD5C-28EF2DD9B511}.AppStore|iPhone.Build.0 = Release|x86
		{95F5964D-FA19-4495-AD5C-28EF2DD9B511}.AppStore|iPhone.Deploy.0 = Release|x86
		{95F5964D-FA19-4495-AD5C-28EF2DD9B511}.AppStore|iPhoneSimulator.ActiveCfg = Release|x86
		{95F5964D-FA19-4495-AD5C-28EF2DD9B511}.AppStore|iPhoneSimulator.Build.0 = Release|x86
		{95F5964D-FA19-4495-AD5C-28EF2DD9B511}.AppStore|iPhoneSimulator.Deploy.0 = Release|x86
		{95F5964D-FA19-4495-AD5C-28EF2DD9B511}.AppStore|x64.ActiveCfg = Release|x64
		{95F5964D-FA19-4495-AD5C-28EF2DD9B511}.AppStore|x64.Build.0 = Release|x64
		{95F5964D-FA19-4495-AD5C-28EF2DD9B511}.AppStore|x64.Deploy.0 = Release|x64
		{95F5964D-FA19-4495-AD5C-28EF2DD9B511}.AppStore|x86.ActiveCfg = Release|x86
		{95F5964D-FA19-4495-AD5C-28EF2DD9B511}.AppStore|x86.Build.0 = Release|x86
		{95F5964D-FA19-4495-AD5C-28EF2DD9B511}.AppStore|x86.Deploy.0 = Release|x86
		{95F5964D-FA19-4495-AD5C-28EF2DD9B511}.Debug|Any CPU.ActiveCfg = Debug|x86
		{95F5964D-FA19-4495-AD5C-28EF2DD9B511}.Debug|ARM.ActiveCfg = Debug|ARM
		{95F5964D-FA19-4495-AD5C-28EF2DD9B511}.Debug|ARM.Build.0 = Debug|ARM
		{95F5964D-FA19-4495-AD5C-28EF2DD9B511}.Debug|ARM.Deploy.0 = Debug|ARM
		{95F5964D-FA19-4495-AD5C-28EF2DD9B511}.Debug|iPhone.ActiveCfg = Debug|x86
		{95F5964D-FA19-4495-AD5C-28EF2DD9B511}.Debug|iPhoneSimulator.ActiveCfg = Debug|x86
		{95F5964D-FA19-4495-AD5C-28EF2DD9B511}.Debug|x64.ActiveCfg = Debug|x64
		{95F5964D-FA19-4495-AD5C-28EF2DD9B511}.Debug|x64.Build.0 = Debug|x64
		{95F5964D-FA19-4495-AD5C-28EF2DD9B511}.Debug|x64.Deploy.0 = Debug|x64
		{95F5964D-FA19-4495-AD5C-28EF2DD9B511}.Debug|x86.ActiveCfg = Debug|x86
		{95F5964D-FA19-4495-AD5C-28EF2DD9B511}.Debug|x86.Build.0 = Debug|x86
		{95F5964D-FA19-4495-AD5C-28EF2DD9B511}.Debug|x86.Deploy.0 = Debug|x86
		{95F5964D-FA19-4495-AD5C-28EF2DD9B511}.Release|Any CPU.ActiveCfg = Release|x86
		{95F5964D-FA19-4495-AD5C-28EF2DD9B511}.Release|ARM.ActiveCfg = Release|ARM
		{95F5964D-FA19-4495-AD5C-28EF2DD9B511}.Release|ARM.Build.0 = Release|ARM
		{95F5964D-FA19-4495-AD5C-28EF2DD9B511}.Release|ARM.Deploy.0 = Release|ARM
		{95F5964D-FA19-4495-AD5C-28EF2DD9B511}.Release|iPhone.ActiveCfg = Release|x86
		{95F5964D-FA19-4495-AD5C-28EF2DD9B511}.Release|iPhoneSimulator.ActiveCfg = Release|x86
		{95F5964D-FA19-4495-AD5C-28EF2DD9B511}.Release|x64.ActiveCfg = Release|x64
		{95F5964D-FA19-4495-AD5C-28EF2DD9B511}.Release|x64.Build.0 = Release|x64
		{95F5964D-FA19-4495-AD5C-28EF2DD9B511}.Release|x64.Deploy.0 = Release|x64
		{95F5964D-FA19-4495-AD5C-28EF2DD9B511}.Release|x86.ActiveCfg = Release|x86
		{95F5964D-FA19-4495-AD5C-28EF2DD9B511}.Release|x86.Build.0 = Release|x86
		{95F5964D-FA19-4495-AD5C-28EF2DD9B511}.Release|x86.Deploy.0 = Release|x86
	EndGlobalSection
	GlobalSection(SolutionProperties) = preSolution
		HideSolutionNode = FALSE
	EndGlobalSection
	GlobalSection(ExtensibilityGlobals) = postSolution
		SolutionGuid = {A717C0AE-EF6E-444E-A11C-1090606D9718}
	EndGlobalSection
EndGlobal
